Microsoft Visual Studio Solution File, Format Version 12.00
# Visual Studio Version 17
VisualStudioVersion = 17.5.2.0
MinimumVisualStudioVersion = 10.0.40219.1
Project("{FAE04EC0-301F-11D3-BF4B-00C04F79EFBC}") = "LogiSlot", "LogiSlot.csproj", "{00C655DB-68E1-9A2F-76FD-1E8A2CA060F2}"
EndProject
Global
	GlobalSection(SolutionConfigurationPlatforms) = preSolution
		Debug|Any CPU = Debug|Any CPU
		Release|Any CPU = Release|Any CPU
	EndGlobalSection
	GlobalSection(ProjectConfigurationPlatforms) = postSolution
		{00C655DB-68E1-9A2F-76FD-1E8A2CA060F2}.Debug|Any CPU.ActiveCfg = Debug|Any CPU
		{00C655DB-68E1-9A2F-76FD-1E8A2CA060F2}.Debug|Any CPU.Build.0 = Debug|Any CPU
		{00C655DB-68E1-9A2F-76FD-1E8A2CA060F2}.Release|Any CPU.ActiveCfg = Release|Any CPU
		{00C655DB-68E1-9A2F-76FD-1E8A2CA060F2}.Release|Any CPU.Build.0 = Release|Any CPU
	EndGlobalSection
	GlobalSection(SolutionProperties) = preSolution
		HideSolutionNode = FALSE
	EndGlobalSection
	GlobalSection(ExtensibilityGlobals) = postSolution
		SolutionGuid = {0A76A0BE-EE00-4702-BAE4-932F7D03ACA9}
	EndGlobalSection
EndGlobal
